
Microsoft Visual Studio Solution File, Format Version 12.00
Project("{FAE04EC0-301F-11D3-BF4B-00C04F79EFBC}") = "AreaCalculator", "AreaCalculator\AreaCalculator.csproj", "{D79C56B0-A1CD-4B34-952C-D25817D9E516}"
EndProject
Project("{FAE04EC0-301F-11D3-BF4B-00C04F79EFBC}") = "AreaLibrary", "AreaLibrary\AreaLibrary.csproj", "{9820F835-CC72-453F-90B5-7DCDB2DDACAF}"
EndProject
Project("{FAE04EC0-301F-11D3-BF4B-00C04F79EFBC}") = "AreaCalculator.Test", "AreaCalculator.Test\AreaCalculator.Test.csproj", "{4E276930-FE4E-4DBD-AEB4-64A2A9364C5B}"
	ProjectSection(ProjectDependencies) = postProject
		{9820F835-CC72-453F-90B5-7DCDB2DDACAF} = {9820F835-CC72-453F-90B5-7DCDB2DDACAF}
	EndProjectSection
EndProject
Global
	GlobalSection(SolutionConfigurationPlatforms) = preSolution
		Debug|Any CPU = Debug|Any CPU
		Release|Any CPU = Release|Any CPU
	EndGlobalSection
	GlobalSection(ProjectConfigurationPlatforms) = postSolution
		{D79C56B0-A1CD-4B34-952C-D25817D9E516}.Debug|Any CPU.ActiveCfg = Debug|Any CPU
		{D79C56B0-A1CD-4B34-952C-D25817D9E516}.Debug|Any CPU.Build.0 = Debug|Any CPU
		{D79C56B0-A1CD-4B34-952C-D25817D9E516}.Release|Any CPU.ActiveCfg = Release|Any CPU
		{D79C56B0-A1CD-4B34-952C-D25817D9E516}.Release|Any CPU.Build.0 = Release|Any CPU
		{9820F835-CC72-453F-90B5-7DCDB2DDACAF}.Debug|Any CPU.ActiveCfg = Debug|Any CPU
		{9820F835-CC72-453F-90B5-7DCDB2DDACAF}.Debug|Any CPU.Build.0 = Debug|Any CPU
		{9820F835-CC72-453F-90B5-7DCDB2DDACAF}.Release|Any CPU.ActiveCfg = Release|Any CPU
		{9820F835-CC72-453F-90B5-7DCDB2DDACAF}.Release|Any CPU.Build.0 = Release|Any CPU
		{4E276930-FE4E-4DBD-AEB4-64A2A9364C5B}.Debug|Any CPU.ActiveCfg = Debug|Any CPU
		{4E276930-FE4E-4DBD-AEB4-64A2A9364C5B}.Debug|Any CPU.Build.0 = Debug|Any CPU
		{4E276930-FE4E-4DBD-AEB4-64A2A9364C5B}.Release|Any CPU.ActiveCfg = Release|Any CPU
		{4E276930-FE4E-4DBD-AEB4-64A2A9364C5B}.Release|Any CPU.Build.0 = Release|Any CPU
	EndGlobalSection
EndGlobal
